// !$*UTF8*$!
{
	archiveVersion = 1;
	classes = {
	};
	objectVersion = 50;
	objects = {

/* Begin PBXBuildFile section */
		01450D8523FC3F760055D0B2 /* AppDelegate.swift in Sources */ = {isa = PBXBuildFile; fileRef = 01450D8423FC3F760055D0B2 /* AppDelegate.swift */; };
		01450D8723FC3F760055D0B2 /* SceneDelegate.swift in Sources */ = {isa = PBXBuildFile; fileRef = 01450D8623FC3F760055D0B2 /* SceneDelegate.swift */; };
		01450D8923FC3F760055D0B2 /* ContentView.swift in Sources */ = {isa = PBXBuildFile; fileRef = 01450D8823FC3F760055D0B2 /* ContentView.swift */; };
		01450D8B23FC3F770055D0B2 /* Assets.xcassets in Resources */ = {isa = PBXBuildFile; fileRef = 01450D8A23FC3F770055D0B2 /* Assets.xcassets */; };
		01450D8E23FC3F770055D0B2 /* Preview Assets.xcassets in Resources */ = {isa = PBXBuildFile; fileRef = 01450D8D23FC3F770055D0B2 /* Preview Assets.xcassets */; };
		01450D9123FC3F770055D0B2 /* LaunchScreen.storyboard in Resources */ = {isa = PBXBuildFile; fileRef = 01450D8F23FC3F770055D0B2 /* LaunchScreen.storyboard */; };
		01665A8D24016AF300737792 /* DashboardView.swift in Sources */ = {isa = PBXBuildFile; fileRef = 01665A8C24016AF300737792 /* DashboardView.swift */; };
		01665AAF24016C4C00737792 /* MenuView.swift in Sources */ = {isa = PBXBuildFile; fileRef = 01665AAE24016C4C00737792 /* MenuView.swift */; };
		01665AB124016CC600737792 /* StatsView.swift in Sources */ = {isa = PBXBuildFile; fileRef = 01665AB024016CC600737792 /* StatsView.swift */; };
		01665AB524016D8800737792 /* BackgroundView.swift in Sources */ = {isa = PBXBuildFile; fileRef = 01665AB424016D8800737792 /* BackgroundView.swift */; };
		01A0F09324056CE600F4D171 /* HandleBarView.swift in Sources */ = {isa = PBXBuildFile; fileRef = 01A0F09224056CE600F4D171 /* HandleBarView.swift */; };
		01CF825E24037F1500F03E79 /* Helpers.swift in Sources */ = {isa = PBXBuildFile; fileRef = 01CF825D24037F1500F03E79 /* Helpers.swift */; };
		01CF826024037FDC00F03E79 /* LineView.swift in Sources */ = {isa = PBXBuildFile; fileRef = 01CF825F24037FDC00F03E79 /* LineView.swift */; };
		01CF82622403817400F03E79 /* Extensions.swift in Sources */ = {isa = PBXBuildFile; fileRef = 01CF82612403817400F03E79 /* Extensions.swift */; };
		01CF82642404271400F03E79 /* DetailView.swift in Sources */ = {isa = PBXBuildFile; fileRef = 01CF82632404271400F03E79 /* DetailView.swift */; };
		01F390E32404C11A00A155E8 /* BuyerRowView.swift in Sources */ = {isa = PBXBuildFile; fileRef = 01F390E22404C11A00A155E8 /* BuyerRowView.swift */; };
		01F390E52404CF5A00A155E8 /* ProductView.swift in Sources */ = {isa = PBXBuildFile; fileRef = 01F390E42404CF5A00A155E8 /* ProductView.swift */; };
/* End PBXBuildFile section */

/* Begin PBXFileReference section */
		01450D8123FC3F760055D0B2 /* DashboardUI.app */ = {isa = PBXFileReference; explicitFileType = wrapper.application; includeInIndex = 0; path = DashboardUI.app; sourceTree = BUILT_PRODUCTS_DIR; };
		01450D8423FC3F760055D0B2 /* AppDelegate.swift */ = {isa = PBXFileReference; lastKnownFileType = sourcecode.swift; path = AppDelegate.swift; sourceTree = "<group>"; };
		01450D8623FC3F760055D0B2 /* SceneDelegate.swift */ = {isa = PBXFileReference; lastKnownFileType = sourcecode.swift; path = SceneDelegate.swift; sourceTree = "<group>"; };
		01450D8823FC3F760055D0B2 /* ContentView.swift */ = {isa = PBXFileReference; lastKnownFileType = sourcecode.swift; path = ContentView.swift; sourceTree = "<group>"; };
		01450D8A23FC3F770055D0B2 /* Assets.xcassets */ = {isa = PBXFileReference; lastKnownFileType = folder.assetcatalog; path = Assets.xcassets; sourceTree = "<group>"; };
		01450D8D23FC3F770055D0B2 /* Preview Assets.xcassets */ = {isa = PBXFileReference; lastKnownFileType = folder.assetcatalog; path = "Preview Assets.xcassets"; sourceTree = "<group>"; };
		01450D9023FC3F770055D0B2 /* Base */ = {isa = PBXFileReference; lastKnownFileType = file.storyboard; name = Base; path = Base.lproj/LaunchScreen.storyboard; sourceTree = "<group>"; };
		01450D9223FC3F770055D0B2 /* Info.plist */ = {isa = PBXFileReference; lastKnownFileType = text.plist.xml; path = Info.plist; sourceTree = "<group>"; };
		01665A8C24016AF300737792 /* DashboardView.swift */ = {isa = PBXFileReference; lastKnownFileType = sourcecode.swift; path = DashboardView.swift; sourceTree = "<group>"; };
		01665AAE24016C4C00737792 /* MenuView.swift */ = {isa = PBXFileReference; lastKnownFileType = sourcecode.swift; path = MenuView.swift; sourceTree = "<group>"; };
		01665AB024016CC600737792 /* StatsView.swift */ = {isa = PBXFileReference; lastKnownFileType = sourcecode.swift; path = StatsView.swift; sourceTree = "<group>"; };
		01665AB424016D8800737792 /* BackgroundView.swift */ = {isa = PBXFileReference; lastKnownFileType = sourcecode.swift; path = BackgroundView.swift; sourceTree = "<group>"; };
		01A0F09224056CE600F4D171 /* HandleBarView.swift */ = {isa = PBXFileReference; lastKnownFileType = sourcecode.swift; path = HandleBarView.swift; sourceTree = "<group>"; };
		01CF825D24037F1500F03E79 /* Helpers.swift */ = {isa = PBXFileReference; lastKnownFileType = sourcecode.swift; path = Helpers.swift; sourceTree = "<group>"; };
		01CF825F24037FDC00F03E79 /* LineView.swift */ = {isa = PBXFileReference; lastKnownFileType = sourcecode.swift; path = LineView.swift; sourceTree = "<group>"; };
		01CF82612403817400F03E79 /* Extensions.swift */ = {isa = PBXFileReference; lastKnownFileType = sourcecode.swift; path = Extensions.swift; sourceTree = "<group>"; };
		01CF82632404271400F03E79 /* DetailView.swift */ = {isa = PBXFileReference; lastKnownFileType = sourcecode.swift; path = DetailView.swift; sourceTree = "<group>"; };
		01F390E22404C11A00A155E8 /* BuyerRowView.swift */ = {isa = PBXFileReference; lastKnownFileType = sourcecode.swift; path = BuyerRowView.swift; sourceTree = "<group>"; };
		01F390E42404CF5A00A155E8 /* ProductView.swift */ = {isa = PBXFileReference; lastKnownFileType = sourcecode.swift; path = ProductView.swift; sourceTree = "<group>"; };
/* End PBXFileReference section */

/* Begin PBXFrameworksBuildPhase section */
		01450D7E23FC3F760055D0B2 /* Frameworks */ = {
			isa = PBXFrameworksBuildPhase;
			buildActionMask = 2147483647;
			files = (
			);
			runOnlyForDeploymentPostprocessing = 0;
		};
/* End PBXFrameworksBuildPhase section */

/* Begin PBXGroup section */
		01450D7823FC3F760055D0B2 = {
			isa = PBXGroup;
			children = (
				01450D8323FC3F760055D0B2 /* DashboardUI */,
				01450D8223FC3F760055D0B2 /* Products */,
			);
			sourceTree = "<group>";
		};
		01450D8223FC3F760055D0B2 /* Products */ = {
			isa = PBXGroup;
			children = (
				01450D8123FC3F760055D0B2 /* DashboardUI.app */,
			);
			name = Products;
			sourceTree = "<group>";
		};
		01450D8323FC3F760055D0B2 /* DashboardUI */ = {
			isa = PBXGroup;
			children = (
				01450D8423FC3F760055D0B2 /* AppDelegate.swift */,
				01450D8A23FC3F770055D0B2 /* Assets.xcassets */,
				01665AB424016D8800737792 /* BackgroundView.swift */,
				01F390E22404C11A00A155E8 /* BuyerRowView.swift */,
				01450D8823FC3F760055D0B2 /* ContentView.swift */,
				01A0F09224056CE600F4D171 /* HandleBarView.swift */,
				01665A8C24016AF300737792 /* DashboardView.swift */,
				01CF82632404271400F03E79 /* DetailView.swift */,
				01CF82612403817400F03E79 /* Extensions.swift */,
				01CF825D24037F1500F03E79 /* Helpers.swift */,
				01450D9223FC3F770055D0B2 /* Info.plist */,
				01450D8F23FC3F770055D0B2 /* LaunchScreen.storyboard */,
				01CF825F24037FDC00F03E79 /* LineView.swift */,
				01665AAE24016C4C00737792 /* MenuView.swift */,
				01450D8C23FC3F770055D0B2 /* Preview Content */,
				01F390E42404CF5A00A155E8 /* ProductView.swift */,
				01450D8623FC3F760055D0B2 /* SceneDelegate.swift */,
				01665AB024016CC600737792 /* StatsView.swift */,
			);
			path = DashboardUI;
			sourceTree = "<group>";
		};
		01450D8C23FC3F770055D0B2 /* Preview Content */ = {
			isa = PBXGroup;
			children = (
				01450D8D23FC3F770055D0B2 /* Preview Assets.xcassets */,
			);
			path = "Preview Content";
			sourceTree = "<group>";
		};
/* End PBXGroup section */

/* Begin PBXNativeTarget section */
		01450D8023FC3F760055D0B2 /* DashboardUI */ = {
			isa = PBXNativeTarget;
			buildConfigurationList = 01450D9523FC3F770055D0B2 /* Build configuration list for PBXNativeTarget "DashboardUI" */;
			buildPhases = (
				01450D7D23FC3F760055D0B2 /* Sources */,
				01450D7E23FC3F760055D0B2 /* Frameworks */,
				01450D7F23FC3F760055D0B2 /* Resources */,
			);
			buildRules = (
			);
			dependencies = (
			);
			name = DashboardUI;
			productName = DashboardUI;
			productReference = 01450D8123FC3F760055D0B2 /* DashboardUI.app */;
			productType = "com.apple.product-type.application";
		};
/* End PBXNativeTarget section */

/* Begin PBXProject section */
		01450D7923FC3F760055D0B2 /* Project object */ = {
			isa = PBXProject;
			attributes = {
				LastSwiftUpdateCheck = 1130;
				LastUpgradeCheck = 1130;
				ORGANIZATIONNAME = "Cory D. Wiles";
				TargetAttributes = {
					01450D8023FC3F760055D0B2 = {
						CreatedOnToolsVersion = 11.3.1;
					};
				};
			};
			buildConfigurationList = 01450D7C23FC3F760055D0B2 /* Build configuration list for PBXProject "DashboardUI" */;
			compatibilityVersion = "Xcode 9.3";
			developmentRegion = en;
			hasScannedForEncodings = 0;
			knownRegions = (
				en,
				Base,
			);
			mainGroup = 01450D7823FC3F760055D0B2;
			productRefGroup = 01450D8223FC3F760055D0B2 /* Products */;
			projectDirPath = "";
			projectRoot = "";
			targets = (
				01450D8023FC3F760055D0B2 /* DashboardUI */,
			);
		};
/* End PBXProject section */

/* Begin PBXResourcesBuildPhase section */
		01450D7F23FC3F760055D0B2 /* Resources */ = {
			isa = PBXResourcesBuildPhase;
			buildActionMask = 2147483647;
			files = (
				01450D9123FC3F770055D0B2 /* LaunchScreen.storyboard in Resources */,
				01450D8E23FC3F770055D0B2 /* Preview Assets.xcassets in Resources */,
				01450D8B23FC3F770055D0B2 /* Assets.xcassets in Resources */,
			);
			runOnlyForDeploymentPostprocessing = 0;
		};
/* End PBXResourcesBuildPhase section */

/* Begin PBXSourcesBuildPhase section */
		01450D7D23FC3F760055D0B2 /* Sources */ = {
			isa = PBXSourcesBuildPhase;
			buildActionMask = 2147483647;
			files = (
				01665AAF24016C4C00737792 /* MenuView.swift in Sources */,
				01450D8523FC3F760055D0B2 /* AppDelegate.swift in Sources */,
				01665AB124016CC600737792 /* StatsView.swift in Sources */,
				01F390E32404C11A00A155E8 /* BuyerRowView.swift in Sources */,
				01CF825E24037F1500F03E79 /* Helpers.swift in Sources */,
				01F390E52404CF5A00A155E8 /* ProductView.swift in Sources */,
				01665AB524016D8800737792 /* BackgroundView.swift in Sources */,
				01CF82642404271400F03E79 /* DetailView.swift in Sources */,
				01A0F09324056CE600F4D171 /* HandleBarView.swift in Sources */,
				01CF82622403817400F03E79 /* Extensions.swift in Sources */,
				01CF826024037FDC00F03E79 /* LineView.swift in Sources */,
				01665A8D24016AF300737792 /* DashboardView.swift in Sources */,
				01450D8723FC3F760055D0B2 /* SceneDelegate.swift in Sources */,
				01450D8923FC3F760055D0B2 /* ContentView.swift in Sources */,
			);
			runOnlyForDeploymentPostprocessing = 0;
		};
/* End PBXSourcesBuildPhase section */

/* Begin PBXVariantGroup section */
		01450D8F23FC3F770055D0B2 /* LaunchScreen.storyboard */ = {
			isa = PBXVariantGroup;
			children = (
				01450D9023FC3F770055D0B2 /* Base */,
			);
			name = LaunchScreen.storyboard;
			sourceTree = "<group>";
		};
/* End PBXVariantGroup section */

/* Begin XCBuildConfiguration section */
		01450D9323FC3F770055D0B2 /* Debug */ = {
			isa = XCBuildConfiguration;
			buildSettings = {
				ALWAYS_SEARCH_USER_PATHS = NO;
				CLANG_ANALYZER_NONNULL = YES;
				CLANG_ANALYZER_NUMBER_OBJECT_CONVERSION = YES_AGGRESSIVE;
				CLANG_CXX_LANGUAGE_STANDARD = "gnu++14";
				CLANG_CXX_LIBRARY = "libc++";
				CLANG_ENABLE_MODULES = YES;
				CLANG_ENABLE_OBJC_ARC = YES;
				CLANG_ENABLE_OBJC_WEAK = YES;
				CLANG_WARN_BLOCK_CAPTURE_AUTORELEASING = YES;
				CLANG_WARN_BOOL_CONVERSION = YES;
				CLANG_WARN_COMMA = YES;
				CLANG_WARN_CONSTANT_CONVERSION = YES;
				CLANG_WARN_DEPRECATED_OBJC_IMPLEMENTATIONS = YES;
				CLANG_WARN_DIRECT_OBJC_ISA_USAGE = YES_ERROR;
				CLANG_WARN_DOCUMENTATION_COMMENTS = YES;
				CLANG_WARN_EMPTY_BODY = YES;
				CLANG_WARN_ENUM_CONVERSION = YES;
				CLANG_WARN_INFINITE_RECURSION = YES;
				CLANG_WARN_INT_CONVERSION = YES;
				CLANG_WARN_NON_LITERAL_NULL_CONVERSION = YES;
				CLANG_WARN_OBJC_IMPLICIT_RETAIN_SELF = YES;
				CLANG_WARN_OBJC_LITERAL_CONVERSION = YES;
				CLANG_WARN_OBJC_ROOT_CLASS = YES_ERROR;
				CLANG_WARN_RANGE_LOOP_ANALYSIS = YES;
				CLANG_WARN_STRICT_PROTOTYPES = YES;
				CLANG_WARN_SUSPICIOUS_MOVE = YES;
				CLANG_WARN_UNGUARDED_AVAILABILITY = YES_AGGRESSIVE;
				CLANG_WARN_UNREACHABLE_CODE = YES;
				CLANG_WARN__DUPLICATE_METHOD_MATCH = YES;
				COPY_PHASE_STRIP = NO;
				DEBUG_INFORMATION_FORMAT = dwarf;
				ENABLE_STRICT_OBJC_MSGSEND = YES;
				ENABLE_TESTABILITY = YES;
				GCC_C_LANGUAGE_STANDARD = gnu11;
				GCC_DYNAMIC_NO_PIC = NO;
				GCC_NO_COMMON_BLOCKS = YES;
				GCC_OPTIMIZATION_LEVEL = 0;
				GCC_PREPROCESSOR_DEFINITIONS = (
					"DEBUG=1",
					"$(inherited)",
				);
				GCC_WARN_64_TO_32_BIT_CONVERSION = YES;
				GCC_WARN_ABOUT_RETURN_TYPE = YES_ERROR;
				GCC_WARN_UNDECLARED_SELECTOR = YES;
				GCC_WARN_UNINITIALIZED_AUTOS = YES_AGGRESSIVE;
				GCC_WARN_UNUSED_FUNCTION = YES;
				GCC_WARN_UNUSED_VARIABLE = YES;
				IPHONEOS_DEPLOYMENT_TARGET = 13.2;
				MTL_ENABLE_DEBUG_INFO = INCLUDE_SOURCE;
				MTL_FAST_MATH = YES;
				ONLY_ACTIVE_ARCH = YES;
				SDKROOT = iphoneos;
				SWIFT_ACTIVE_COMPILATION_CONDITIONS = DEBUG;
				SWIFT_OPTIMIZATION_LEVEL = "-Onone";
			};
			name = Debug;
		};
		01450D9423FC3F770055D0B2 /* Release */ = {
			isa = XCBuildConfiguration;
			buildSettings = {
				ALWAYS_SEARCH_USER_PATHS = NO;
				CLANG_ANALYZER_NONNULL = YES;
				CLANG_ANALYZER_NUMBER_OBJECT_CONVERSION = YES_AGGRESSIVE;
				CLANG_CXX_LANGUAGE_STANDARD = "gnu++14";
				CLANG_CXX_LIBRARY = "libc++";
				CLANG_ENABLE_MODULES = YES;
				CLANG_ENABLE_OBJC_ARC = YES;
				CLANG_ENABLE_OBJC_WEAK = YES;
				CLANG_WARN_BLOCK_CAPTURE_AUTORELEASING = YES;
				CLANG_WARN_BOOL_CONVERSION = YES;
				CLANG_WARN_COMMA = YES;
				CLANG_WARN_CONSTANT_CONVERSION = YES;
				CLANG_WARN_DEPRECATED_OBJC_IMPLEMENTATIONS = YES;
				CLANG_WARN_DIRECT_OBJC_ISA_USAGE = YES_ERROR;
				CLANG_WARN_DOCUMENTATION_COMMENTS = YES;
				CLANG_WARN_EMPTY_BODY = YES;
				CLANG_WARN_ENUM_CONVERSION = YES;
				CLANG_WARN_INFINITE_RECURSION = YES;
				CLANG_WARN_INT_CONVERSION = YES;
				CLANG_WARN_NON_LITERAL_NULL_CONVERSION = YES;
				CLANG_WARN_OBJC_IMPLICIT_RETAIN_SELF = YES;
				CLANG_WARN_OBJC_LITERAL_CONVERSION = YES;
				CLANG_WARN_OBJC_ROOT_CLASS = YES_ERROR;
				CLANG_WARN_RANGE_LOOP_ANALYSIS = YES;
				CLANG_WARN_STRICT_PROTOTYPES = YES;
				CLANG_WARN_SUSPICIOUS_MOVE = YES;
				CLANG_WARN_UNGUARDED_AVAILABILITY = YES_AGGRESSIVE;
				CLANG_WARN_UNREACHABLE_CODE = YES;
				CLANG_WARN__DUPLICATE_METHOD_MATCH = YES;
				COPY_PHASE_STRIP = NO;
				DEBUG_INFORMATION_FORMAT = "dwarf-with-dsym";
				ENABLE_NS_ASSERTIONS = NO;
				ENABLE_STRICT_OBJC_MSGSEND = YES;
				GCC_C_LANGUAGE_STANDARD = gnu11;
				GCC_NO_COMMON_BLOCKS = YES;
				GCC_WARN_64_TO_32_BIT_CONVERSION = YES;
				GCC_WARN_ABOUT_RETURN_TYPE = YES_ERROR;
				GCC_WARN_UNDECLARED_SELECTOR = YES;
				GCC_WARN_UNINITIALIZED_AUTOS = YES_AGGRESSIVE;
				GCC_WARN_UNUSED_FUNCTION = YES;
				GCC_WARN_UNUSED_VARIABLE = YES;
				IPHONEOS_DEPLOYMENT_TARGET = 13.2;
				MTL_ENABLE_DEBUG_INFO = NO;
				MTL_FAST_MATH = YES;
				SDKROOT = iphoneos;
				SWIFT_COMPILATION_MODE = wholemodule;
				SWIFT_OPTIMIZATION_LEVEL = "-O";
				VALIDATE_PRODUCT = YES;
			};
			name = Release;
		};
		01450D9623FC3F770055D0B2 /* Debug */ = {
			isa = XCBuildConfiguration;
			buildSettings = {
				ASSETCATALOG_COMPILER_APPICON_NAME = AppIcon;
				CODE_SIGN_STYLE = Automatic;
				DEVELOPMENT_ASSET_PATHS = "\"DashboardUI/Preview Content\"";
				DEVELOPMENT_TEAM = XM4VAKDQL9;
				ENABLE_PREVIEWS = YES;
				INFOPLIST_FILE = DashboardUI/Info.plist;
				LD_RUNPATH_SEARCH_PATHS = (
					"$(inherited)",
					"@executable_path/Frameworks",
				);
				PRODUCT_BUNDLE_IDENTIFIER = com.corywiles.DashboardUI;
				PRODUCT_NAME = "$(TARGET_NAME)";
				SWIFT_VERSION = 5.0;
				TARGETED_DEVICE_FAMILY = 2;
			};
			name = Debug;
		};
		01450D9723FC3F770055D0B2 /* Release */ = {
			isa = XCBuildConfiguration;
			buildSettings = {
				ASSETCATALOG_COMPILER_APPICON_NAME = AppIcon;
				CODE_SIGN_STYLE = Automatic;
				DEVELOPMENT_ASSET_PATHS = "\"DashboardUI/Preview Content\"";
				DEVELOPMENT_TEAM = XM4VAKDQL9;
				ENABLE_PREVIEWS = YES;
				INFOPLIST_FILE = DashboardUI/Info.plist;
				LD_RUNPATH_SEARCH_PATHS = (
					"$(inherited)",
					"@executable_path/Frameworks",
				);
				PRODUCT_BUNDLE_IDENTIFIER = com.corywiles.DashboardUI;
				PRODUCT_NAME = "$(TARGET_NAME)";
				SWIFT_VERSION = 5.0;
				TARGETED_DEVICE_FAMILY = 2;
			};
			name = Release;
		};
/* End XCBuildConfiguration section */

/* Begin XCConfigurationList section */
		01450D7C23FC3F760055D0B2 /* Build configuration list for PBXProject "DashboardUI" */ = {
			isa = XCConfigurationList;
			buildConfigurations = (
				01450D9323FC3F770055D0B2 /* Debug */,
				01450D9423FC3F770055D0B2 /* Release */,
			);
			defaultConfigurationIsVisible = 0;
			defaultConfigurationName = Release;
		};
		01450D9523FC3F770055D0B2 /* Build configuration list for PBXNativeTarget "DashboardUI" */ = {
			isa = XCConfigurationList;
			buildConfigurations = (
				01450D9623FC3F770055D0B2 /* Debug */,
				01450D9723FC3F770055D0B2 /* Release */,
			);
			defaultConfigurationIsVisible = 0;
			defaultConfigurationName = Release;
		};
/* End XCConfigurationList section */
	};
	rootObject = 01450D7923FC3F760055D0B2 /* Project object */;
}
